{
  "name": "@fullboar/hello",
  "version": "0.0.1",
  "lockfileVersion": 2,
  "requires": true,
  "packages": {
    "": {
      "name": "@fullboar/hello",
      "version": "0.0.1",
      "license": "Apache License 2.0",
      "dependencies": {
        "fullboar-446a45": "file:./fullboar-446a45"
      }
    },
    "fullboar-446a45": {
      "name": "@fullboar/fullboar-446a45",
      "version": "0.0.1",
      "hasInstallScript": true,
      "license": "Apache License 2.0"
    },
    "node_modules/fullboar-446a45": {
      "resolved": "fullboar-446a45",
      "link": true
    }
  },
  "dependencies": {
    "fullboar-446a45": {
      "version": "file:fullboar-446a45"
    }
  }
}
